
Microsoft Visual Studio Solution File, Format Version 12.00
# Visual Studio Version 17
VisualStudioVersion = 17.14.37111.16 d17.14
MinimumVisualStudioVersion = 10.0.40219.1
Project("{FAE04EC0-301F-11D3-BF4B-00C04F79EFBC}") = "LatihanImageProcessor", "LatihanImageProcessor\LatihanImageProcessor.csproj", "{0C7A68B8-F1E3-4E11-91E5-D21ABDB81A2B}"
EndProject
Global
	GlobalSection(SolutionConfigurationPlatforms) = preSolution
		Debug|Any CPU = Debug|Any CPU
		Release|Any CPU = Release|Any CPU
	EndGlobalSection
	GlobalSection(ProjectConfigurationPlatforms) = postSolution
		{0C7A68B8-F1E3-4E11-91E5-D21ABDB81A2B}.Debug|Any CPU.ActiveCfg = Debug|Any CPU
		{0C7A68B8-F1E3-4E11-91E5-D21ABDB81A2B}.Debug|Any CPU.Build.0 = Debug|Any CPU
		{0C7A68B8-F1E3-4E11-91E5-D21ABDB81A2B}.Release|Any CPU.ActiveCfg = Release|Any CPU
		{0C7A68B8-F1E3-4E11-91E5-D21ABDB81A2B}.Release|Any CPU.Build.0 = Release|Any CPU
	EndGlobalSection
	GlobalSection(SolutionProperties) = preSolution
		HideSolutionNode = FALSE
	EndGlobalSection
	GlobalSection(ExtensibilityGlobals) = postSolution
		SolutionGuid = {44F6BCEC-4BE6-455D-8E16-80FF226618FB}
	EndGlobalSection
EndGlobal
